
Microsoft Visual Studio Solution File, Format Version 12.00
# Visual Studio 15
VisualStudioVersion = 15.0.27703.2042
MinimumVisualStudioVersion = 10.0.40219.1
Project("{FAE04EC0-301F-11D3-BF4B-00C04F79EFBC}") = "ConsoleApp11", "ConsoleApp11\ConsoleApp11.csproj", "{33F8D13E-EEFE-4E2F-8D9C-94C38261FCBB}"
EndProject
Global
	GlobalSection(SolutionConfigurationPlatforms) = preSolution
		Debug|Any CPU = Debug|Any CPU
		Release|Any CPU = Release|Any CPU
	EndGlobalSection
	GlobalSection(ProjectConfigurationPlatforms) = postSolution
		{33F8D13E-EEFE-4E2F-8D9C-94C38261FCBB}.Debug|Any CPU.ActiveCfg = Debug|Any CPU
		{33F8D13E-EEFE-4E2F-8D9C-94C38261FCBB}.Debug|Any CPU.Build.0 = Debug|Any CPU
		{33F8D13E-EEFE-4E2F-8D9C-94C38261FCBB}.Release|Any CPU.ActiveCfg = Release|Any CPU
		{33F8D13E-EEFE-4E2F-8D9C-94C38261FCBB}.Release|Any CPU.Build.0 = Release|Any CPU
	EndGlobalSection
	GlobalSection(SolutionProperties) = preSolution
		HideSolutionNode = FALSE
	EndGlobalSection
	GlobalSection(ExtensibilityGlobals) = postSolution
		SolutionGuid = {54CB2BF8-14CE-4601-B973-EE4C08E0D275}
	EndGlobalSection
EndGlobal
