
Microsoft Visual Studio Solution File, Format Version 12.00
# Visual Studio 15
VisualStudioVersion = 15.0.27703.2042
MinimumVisualStudioVersion = 10.0.40219.1
Project("{FAE04EC0-301F-11D3-BF4B-00C04F79EFBC}") = "KamiTwentyOne", "KamiTwentyOne\KamiTwentyOne.csproj", "{6B72852C-40FB-4354-9EA9-E9A1A85490F8}"
EndProject
Project("{FAE04EC0-301F-11D3-BF4B-00C04F79EFBC}") = "Casino", "Casino\Casino.csproj", "{AE4052B3-5A1E-42AC-AC39-ED6D27798F8D}"
EndProject
Global
	GlobalSection(SolutionConfigurationPlatforms) = preSolution
		Debug|Any CPU = Debug|Any CPU
		Release|Any CPU = Release|Any CPU
	EndGlobalSection
	GlobalSection(ProjectConfigurationPlatforms) = postSolution
		{6B72852C-40FB-4354-9EA9-E9A1A85490F8}.Debug|Any CPU.ActiveCfg = Debug|Any CPU
		{6B72852C-40FB-4354-9EA9-E9A1A85490F8}.Debug|Any CPU.Build.0 = Debug|Any CPU
		{6B72852C-40FB-4354-9EA9-E9A1A85490F8}.Release|Any CPU.ActiveCfg = Release|Any CPU
		{6B72852C-40FB-4354-9EA9-E9A1A85490F8}.Release|Any CPU.Build.0 = Release|Any CPU
		{AE4052B3-5A1E-42AC-AC39-ED6D27798F8D}.Debug|Any CPU.ActiveCfg = Debug|Any CPU
		{AE4052B3-5A1E-42AC-AC39-ED6D27798F8D}.Debug|Any CPU.Build.0 = Debug|Any CPU
		{AE4052B3-5A1E-42AC-AC39-ED6D27798F8D}.Release|Any CPU.ActiveCfg = Release|Any CPU
		{AE4052B3-5A1E-42AC-AC39-ED6D27798F8D}.Release|Any CPU.Build.0 = Release|Any CPU
	EndGlobalSection
	GlobalSection(SolutionProperties) = preSolution
		HideSolutionNode = FALSE
	EndGlobalSection
	GlobalSection(ExtensibilityGlobals) = postSolution
		SolutionGuid = {B6D08254-BCEB-496C-AF95-28392DF97F4F}
	EndGlobalSection
EndGlobal
